<?xml version="1.0" encoding="UTF-8"?>
<CodeBlocks_project_file>
	<FileVersion major="1" minor="6"/>
	<Project>
		<Option title="vision2020"/>
		<Option makefile_is_custom="1"/>
		<Option compiler="gcc"/>
		<Option virtualFolders="CMake Files\;CMake Files\..\;CMake Files\..\..\;CMake Files\..\..\..\;CMake Files\..\..\..\..\;CMake Files\..\..\..\..\usr\;CMake Files\..\..\..\..\usr\local\;CMake Files\..\..\..\..\usr\local\lib\;CMake Files\..\..\..\..\usr\local\lib\cmake\;CMake Files\..\..\..\..\usr\local\lib\cmake\opencv4\;CMake Files\..\..\..\..\usr\local\share\;CMake Files\..\..\..\..\usr\local\share\wpilib\;CMake Files\..\..\..\..\usr\local\share\wpiutil\;CMake Files\..\..\..\..\usr\local\share\ntcore\;"/>
		<Build>
			<Target title="all">
				<Option working_dir="/home/vision/Documents/Vision2020/cbp"/>
				<Option type="4"/>
				<MakeCommands>
					<Build command="/usr/bin/make -j4 -f &quot;/home/vision/Documents/Vision2020/cbp/Makefile&quot;  VERBOSE=1 all"/>
					<CompileFile command="/usr/bin/make -j4 -f &quot;/home/vision/Documents/Vision2020/cbp/Makefile&quot;  VERBOSE=1 &quot;$file&quot;"/>
					<Clean command="/usr/bin/make -j4 -f &quot;/home/vision/Documents/Vision2020/cbp/Makefile&quot;  VERBOSE=1 clean"/>
					<DistClean command="/usr/bin/make -j4 -f &quot;/home/vision/Documents/Vision2020/cbp/Makefile&quot;  VERBOSE=1 clean"/>
				</MakeCommands>
			</Target>
			<Target title="install/strip">
				<Option working_dir="/home/vision/Documents/Vision2020/cbp"/>
				<Option type="4"/>
				<MakeCommands>
					<Build command="/usr/bin/make -j4 -f &quot;/home/vision/Documents/Vision2020/cbp/Makefile&quot;  VERBOSE=1 install/strip"/>
					<CompileFile command="/usr/bin/make -j4 -f &quot;/home/vision/Documents/Vision2020/cbp/Makefile&quot;  VERBOSE=1 &quot;$file&quot;"/>
					<Clean command="/usr/bin/make -j4 -f &quot;/home/vision/Documents/Vision2020/cbp/Makefile&quot;  VERBOSE=1 clean"/>
					<DistClean command="/usr/bin/make -j4 -f &quot;/home/vision/Documents/Vision2020/cbp/Makefile&quot;  VERBOSE=1 clean"/>
				</MakeCommands>
			</Target>
			<Target title="edit_cache">
				<Option working_dir="/home/vision/Documents/Vision2020/cbp"/>
				<Option type="4"/>
				<MakeCommands>
					<Build command="/usr/bin/make -j4 -f &quot;/home/vision/Documents/Vision2020/cbp/Makefile&quot;  VERBOSE=1 edit_cache"/>
					<CompileFile command="/usr/bin/make -j4 -f &quot;/home/vision/Documents/Vision2020/cbp/Makefile&quot;  VERBOSE=1 &quot;$file&quot;"/>
					<Clean command="/usr/bin/make -j4 -f &quot;/home/vision/Documents/Vision2020/cbp/Makefile&quot;  VERBOSE=1 clean"/>
					<DistClean command="/usr/bin/make -j4 -f &quot;/home/vision/Documents/Vision2020/cbp/Makefile&quot;  VERBOSE=1 clean"/>
				</MakeCommands>
			</Target>
			<Target title="vision2020">
				<Option output="/home/vision/Documents/Vision2020/cbp/vision2020" prefix_auto="0" extension_auto="0"/>
				<Option working_dir="/home/vision/Documents/Vision2020/cbp"/>
				<Option object_output="./"/>
				<Option type="1"/>
				<Option compiler="gcc"/>
				<Compiler>
					<Add option="-DWITH_CUDA"/>
					<Add option="-DWITH_HEAD"/>
					<Add directory="/usr/local/include/opencv4"/>
					<Add directory="/usr/local/wpilib/include/ntcore"/>
					<Add directory="/usr/local/wpilib/include/wpiutil"/>
					<Add directory="/usr/include/c++/7"/>
					<Add directory="/usr/include/aarch64-linux-gnu/c++/7"/>
					<Add directory="/usr/include/c++/7/backward"/>
					<Add directory="/usr/lib/gcc/aarch64-linux-gnu/7/include"/>
					<Add directory="/usr/local/include"/>
					<Add directory="/usr/lib/gcc/aarch64-linux-gnu/7/include-fixed"/>
					<Add directory="/usr/include/aarch64-linux-gnu"/>
					<Add directory="/usr/include"/>
				</Compiler>
				<MakeCommands>
					<Build command="/usr/bin/make -j4 -f &quot;/home/vision/Documents/Vision2020/cbp/Makefile&quot;  VERBOSE=1 vision2020"/>
					<CompileFile command="/usr/bin/make -j4 -f &quot;/home/vision/Documents/Vision2020/cbp/Makefile&quot;  VERBOSE=1 &quot;$file&quot;"/>
					<Clean command="/usr/bin/make -j4 -f &quot;/home/vision/Documents/Vision2020/cbp/Makefile&quot;  VERBOSE=1 clean"/>
					<DistClean command="/usr/bin/make -j4 -f &quot;/home/vision/Documents/Vision2020/cbp/Makefile&quot;  VERBOSE=1 clean"/>
				</MakeCommands>
			</Target>
			<Target title="vision2020/fast">
				<Option output="/home/vision/Documents/Vision2020/cbp/vision2020" prefix_auto="0" extension_auto="0"/>
				<Option working_dir="/home/vision/Documents/Vision2020/cbp"/>
				<Option object_output="./"/>
				<Option type="1"/>
				<Option compiler="gcc"/>
				<Compiler>
					<Add option="-DWITH_CUDA"/>
					<Add option="-DWITH_HEAD"/>
					<Add directory="/usr/local/include/opencv4"/>
					<Add directory="/usr/local/wpilib/include/ntcore"/>
					<Add directory="/usr/local/wpilib/include/wpiutil"/>
					<Add directory="/usr/include/c++/7"/>
					<Add directory="/usr/include/aarch64-linux-gnu/c++/7"/>
					<Add directory="/usr/include/c++/7/backward"/>
					<Add directory="/usr/lib/gcc/aarch64-linux-gnu/7/include"/>
					<Add directory="/usr/local/include"/>
					<Add directory="/usr/lib/gcc/aarch64-linux-gnu/7/include-fixed"/>
					<Add directory="/usr/include/aarch64-linux-gnu"/>
					<Add directory="/usr/include"/>
				</Compiler>
				<MakeCommands>
					<Build command="/usr/bin/make -j4 -f &quot;/home/vision/Documents/Vision2020/cbp/Makefile&quot;  VERBOSE=1 vision2020/fast"/>
					<CompileFile command="/usr/bin/make -j4 -f &quot;/home/vision/Documents/Vision2020/cbp/Makefile&quot;  VERBOSE=1 &quot;$file&quot;"/>
					<Clean command="/usr/bin/make -j4 -f &quot;/home/vision/Documents/Vision2020/cbp/Makefile&quot;  VERBOSE=1 clean"/>
					<DistClean command="/usr/bin/make -j4 -f &quot;/home/vision/Documents/Vision2020/cbp/Makefile&quot;  VERBOSE=1 clean"/>
				</MakeCommands>
			</Target>
			<Target title="rebuild_cache">
				<Option working_dir="/home/vision/Documents/Vision2020/cbp"/>
				<Option type="4"/>
				<MakeCommands>
					<Build command="/usr/bin/make -j4 -f &quot;/home/vision/Documents/Vision2020/cbp/Makefile&quot;  VERBOSE=1 rebuild_cache"/>
					<CompileFile command="/usr/bin/make -j4 -f &quot;/home/vision/Documents/Vision2020/cbp/Makefile&quot;  VERBOSE=1 &quot;$file&quot;"/>
					<Clean command="/usr/bin/make -j4 -f &quot;/home/vision/Documents/Vision2020/cbp/Makefile&quot;  VERBOSE=1 clean"/>
					<DistClean command="/usr/bin/make -j4 -f &quot;/home/vision/Documents/Vision2020/cbp/Makefile&quot;  VERBOSE=1 clean"/>
				</MakeCommands>
			</Target>
			<Target title="list_install_components">
				<Option working_dir="/home/vision/Documents/Vision2020/cbp"/>
				<Option type="4"/>
				<MakeCommands>
					<Build command="/usr/bin/make -j4 -f &quot;/home/vision/Documents/Vision2020/cbp/Makefile&quot;  VERBOSE=1 list_install_components"/>
					<CompileFile command="/usr/bin/make -j4 -f &quot;/home/vision/Documents/Vision2020/cbp/Makefile&quot;  VERBOSE=1 &quot;$file&quot;"/>
					<Clean command="/usr/bin/make -j4 -f &quot;/home/vision/Documents/Vision2020/cbp/Makefile&quot;  VERBOSE=1 clean"/>
					<DistClean command="/usr/bin/make -j4 -f &quot;/home/vision/Documents/Vision2020/cbp/Makefile&quot;  VERBOSE=1 clean"/>
				</MakeCommands>
			</Target>
			<Target title="install/local">
				<Option working_dir="/home/vision/Documents/Vision2020/cbp"/>
				<Option type="4"/>
				<MakeCommands>
					<Build command="/usr/bin/make -j4 -f &quot;/home/vision/Documents/Vision2020/cbp/Makefile&quot;  VERBOSE=1 install/local"/>
					<CompileFile command="/usr/bin/make -j4 -f &quot;/home/vision/Documents/Vision2020/cbp/Makefile&quot;  VERBOSE=1 &quot;$file&quot;"/>
					<Clean command="/usr/bin/make -j4 -f &quot;/home/vision/Documents/Vision2020/cbp/Makefile&quot;  VERBOSE=1 clean"/>
					<DistClean command="/usr/bin/make -j4 -f &quot;/home/vision/Documents/Vision2020/cbp/Makefile&quot;  VERBOSE=1 clean"/>
				</MakeCommands>
			</Target>
			<Target title="install">
				<Option working_dir="/home/vision/Documents/Vision2020/cbp"/>
				<Option type="4"/>
				<MakeCommands>
					<Build command="/usr/bin/make -j4 -f &quot;/home/vision/Documents/Vision2020/cbp/Makefile&quot;  VERBOSE=1 install"/>
					<CompileFile command="/usr/bin/make -j4 -f &quot;/home/vision/Documents/Vision2020/cbp/Makefile&quot;  VERBOSE=1 &quot;$file&quot;"/>
					<Clean command="/usr/bin/make -j4 -f &quot;/home/vision/Documents/Vision2020/cbp/Makefile&quot;  VERBOSE=1 clean"/>
					<DistClean command="/usr/bin/make -j4 -f &quot;/home/vision/Documents/Vision2020/cbp/Makefile&quot;  VERBOSE=1 clean"/>
				</MakeCommands>
			</Target>
		</Build>
		<Unit filename="/home/vision/Documents/Vision2020/Functions.cpp">
			<Option target="vision2020"/>
		</Unit>
		<Unit filename="/home/vision/Documents/Vision2020/Functions.hpp">
			<Option target="vision2020"/>
		</Unit>
		<Unit filename="/home/vision/Documents/Vision2020/Network.cpp">
			<Option target="vision2020"/>
		</Unit>
		<Unit filename="/home/vision/Documents/Vision2020/Network.hpp">
			<Option target="vision2020"/>
		</Unit>
		<Unit filename="/home/vision/Documents/Vision2020/WebStreamTest.cpp">
			<Option target="vision2020"/>
		</Unit>
		<Unit filename="/home/vision/Documents/Vision2020/WebStreamTest.hpp">
			<Option target="vision2020"/>
		</Unit>
		<Unit filename="/home/vision/Documents/Vision2020/main.cpp">
			<Option target="vision2020"/>
		</Unit>
		<Unit filename="/home/vision/Documents/Vision2020/CMakeLists.txt">
			<Option virtualFolder="CMake Files\"/>
		</Unit>
		<Unit filename="/home/vision/Documents/Vision2020/../../../../usr/local/lib/cmake/opencv4/OpenCVConfig-version.cmake">
			<Option virtualFolder="CMake Files\..\..\..\..\usr\local\lib\cmake\opencv4\"/>
		</Unit>
		<Unit filename="/home/vision/Documents/Vision2020/../../../../usr/local/lib/cmake/opencv4/OpenCVConfig.cmake">
			<Option virtualFolder="CMake Files\..\..\..\..\usr\local\lib\cmake\opencv4\"/>
		</Unit>
		<Unit filename="/home/vision/Documents/Vision2020/../../../../usr/local/lib/cmake/opencv4/OpenCVModules-release.cmake">
			<Option virtualFolder="CMake Files\..\..\..\..\usr\local\lib\cmake\opencv4\"/>
		</Unit>
		<Unit filename="/home/vision/Documents/Vision2020/../../../../usr/local/lib/cmake/opencv4/OpenCVModules.cmake">
			<Option virtualFolder="CMake Files\..\..\..\..\usr\local\lib\cmake\opencv4\"/>
		</Unit>
		<Unit filename="/home/vision/Documents/Vision2020/../../../../usr/local/share/wpilib/wpilib-config.cmake">
			<Option virtualFolder="CMake Files\..\..\..\..\usr\local\share\wpilib\"/>
		</Unit>
		<Unit filename="/home/vision/Documents/Vision2020/../../../../usr/local/share/wpiutil/wpiutil-config.cmake">
			<Option virtualFolder="CMake Files\..\..\..\..\usr\local\share\wpiutil\"/>
		</Unit>
		<Unit filename="/home/vision/Documents/Vision2020/../../../../usr/local/share/wpiutil/wpiutil-noconfig.cmake">
			<Option virtualFolder="CMake Files\..\..\..\..\usr\local\share\wpiutil\"/>
		</Unit>
		<Unit filename="/home/vision/Documents/Vision2020/../../../../usr/local/share/wpiutil/wpiutil.cmake">
			<Option virtualFolder="CMake Files\..\..\..\..\usr\local\share\wpiutil\"/>
		</Unit>
		<Unit filename="/home/vision/Documents/Vision2020/../../../../usr/local/share/ntcore/ntcore-config.cmake">
			<Option virtualFolder="CMake Files\..\..\..\..\usr\local\share\ntcore\"/>
		</Unit>
		<Unit filename="/home/vision/Documents/Vision2020/../../../../usr/local/share/ntcore/ntcore-noconfig.cmake">
			<Option virtualFolder="CMake Files\..\..\..\..\usr\local\share\ntcore\"/>
		</Unit>
		<Unit filename="/home/vision/Documents/Vision2020/../../../../usr/local/share/ntcore/ntcore.cmake">
			<Option virtualFolder="CMake Files\..\..\..\..\usr\local\share\ntcore\"/>
		</Unit>
	</Project>
</CodeBlocks_project_file>
